{
  "name": "stream-transcript-extractor-extension",
  "version": "1.0.0",
  "lockfileVersion": 3,
  "requires": true,
  "packages": {
    "": {
      "name": "stream-transcript-extractor-extension",
      "version": "1.0.0",
      "license": "MIT",
      "devDependencies": {
        "chrome-types": "^0.1.312"
      }
    },
    "node_modules/chrome-types": {
      "version": "0.1.312",
      "resolved": "https://registry.npmjs.org/chrome-types/-/chrome-types-0.1.312.tgz",
      "integrity": "sha512-Ms9VM1gVWFNPyCUqAAUWwpcl5CyCU/iKtwsGd3Vz9v7fq184jIvX5ZLHZWgDR1VQTHDzNpAd4w2IWP9Dn96REQ==",
      "dev": true,
      "license": "Apache-2.0"
    }
  }
}
